
Microsoft Visual Studio Solution File, Format Version 12.00
# Visual Studio Version 17
VisualStudioVersion = 17.13.35825.156 d17.13
MinimumVisualStudioVersion = 10.0.40219.1
Project("{FAE04EC0-301F-11D3-BF4B-00C04F79EFBC}") = "GitTest", "GitTest.csproj", "{840E528D-ED8C-409E-8778-ECF96DD6C540}"
EndProject
Global
	GlobalSection(SolutionConfigurationPlatforms) = preSolution
		Debug|Any CPU = Debug|Any CPU
		Release|Any CPU = Release|Any CPU
	EndGlobalSection
	GlobalSection(ProjectConfigurationPlatforms) = postSolution
		{840E528D-ED8C-409E-8778-ECF96DD6C540}.Debug|Any CPU.ActiveCfg = Debug|Any CPU
		{840E528D-ED8C-409E-8778-ECF96DD6C540}.Debug|Any CPU.Build.0 = Debug|Any CPU
		{840E528D-ED8C-409E-8778-ECF96DD6C540}.Release|Any CPU.ActiveCfg = Release|Any CPU
		{840E528D-ED8C-409E-8778-ECF96DD6C540}.Release|Any CPU.Build.0 = Release|Any CPU
	EndGlobalSection
	GlobalSection(SolutionProperties) = preSolution
		HideSolutionNode = FALSE
	EndGlobalSection
	GlobalSection(ExtensibilityGlobals) = postSolution
		SolutionGuid = {7DCD50FC-3F1F-4A1D-BE65-C5ACC54BBA4E}
	EndGlobalSection
EndGlobal
